Microsoft Visual Studio Solution File, Format Version 12.00
# Visual Studio Version 17
VisualStudioVersion = 17.5.33209.295
MinimumVisualStudioVersion = 10.0.40219.1
Project("{9A19103F-16F7-4668-BE54-9A1E7A4F7556}") = "WindowsService", "WindowsService.csproj", "{7C36D3E3-4FDE-4920-A470-B46765105055}"
EndProject
Global
	GlobalSection(SolutionConfigurationPlatforms) = preSolution
		Debug|Any CPU = Debug|Any CPU
		Release|Any CPU = Release|Any CPU
	EndGlobalSection
	GlobalSection(ProjectConfigurationPlatforms) = postSolution
		{7C36D3E3-4FDE-4920-A470-B46765105055}.Debug|Any CPU.ActiveCfg = Debug|Any CPU
		{7C36D3E3-4FDE-4920-A470-B46765105055}.Debug|Any CPU.Build.0 = Debug|Any CPU
		{7C36D3E3-4FDE-4920-A470-B46765105055}.Release|Any CPU.ActiveCfg = Release|Any CPU
		{7C36D3E3-4FDE-4920-A470-B46765105055}.Release|Any CPU.Build.0 = Release|Any CPU
	EndGlobalSection
	GlobalSection(SolutionProperties) = preSolution
		HideSolutionNode = FALSE
	EndGlobalSection
	GlobalSection(ExtensibilityGlobals) = postSolution
		SolutionGuid = {3E1E1862-B756-4F28-9AD9-1D8729FE2652}
	EndGlobalSection
EndGlobal
